
Microsoft Visual Studio Solution File, Format Version 12.00
# Visual Studio Version 17
VisualStudioVersion = 17.11.35327.3
MinimumVisualStudioVersion = 10.0.40219.1
Project("{8BC9CEB8-8B4A-11D0-8D11-00A0C91BC942}") = "prioritati2", "prioritati2\prioritati2.vcxproj", "{60360A4A-9759-4E0F-A543-F636CD7CDF14}"
EndProject
Global
	GlobalSection(SolutionConfigurationPlatforms) = preSolution
		Debug|x64 = Debug|x64
		Debug|x86 = Debug|x86
		Release|x64 = Release|x64
		Release|x86 = Release|x86
	EndGlobalSection
	GlobalSection(ProjectConfigurationPlatforms) = postSolution
		{60360A4A-9759-4E0F-A543-F636CD7CDF14}.Debug|x64.ActiveCfg = Debug|x64
		{60360A4A-9759-4E0F-A543-F636CD7CDF14}.Debug|x64.Build.0 = Debug|x64
		{60360A4A-9759-4E0F-A543-F636CD7CDF14}.Debug|x86.ActiveCfg = Debug|Win32
		{60360A4A-9759-4E0F-A543-F636CD7CDF14}.Debug|x86.Build.0 = Debug|Win32
		{60360A4A-9759-4E0F-A543-F636CD7CDF14}.Release|x64.ActiveCfg = Release|x64
		{60360A4A-9759-4E0F-A543-F636CD7CDF14}.Release|x64.Build.0 = Release|x64
		{60360A4A-9759-4E0F-A543-F636CD7CDF14}.Release|x86.ActiveCfg = Release|Win32
		{60360A4A-9759-4E0F-A543-F636CD7CDF14}.Release|x86.Build.0 = Release|Win32
	EndGlobalSection
	GlobalSection(SolutionProperties) = preSolution
		HideSolutionNode = FALSE
	EndGlobalSection
	GlobalSection(ExtensibilityGlobals) = postSolution
		SolutionGuid = {738F1A14-0C46-494F-A6F6-A8A1ADAE824D}
	EndGlobalSection
EndGlobal
